
Microsoft Visual Studio Solution File, Format Version 12.00
# Visual Studio Version 17
VisualStudioVersion = 17.7.34031.279
MinimumVisualStudioVersion = 10.0.40219.1
Project("{FAE04EC0-301F-11D3-BF4B-00C04F79EFBC}") = "DVLD_Project", "DVLD_Project.csproj", "{8ED3E856-D48F-49B8-81EE-34DB4BAF71E1}"
EndProject
Project("{FAE04EC0-301F-11D3-BF4B-00C04F79EFBC}") = "DVLD_BusinessLayer", "..\DVLDBusinessLayer\DVLD_BusinessLayer.csproj", "{F3057DF9-E56E-490F-A2AA-F992F845B8AA}"
EndProject
Project("{FAE04EC0-301F-11D3-BF4B-00C04F79EFBC}") = "DVLD_DataAccessLayer", "..\DVLD_DataAccessLayer\DVLD_DataAccessLayer.csproj", "{DF40C3F7-5BE2-4052-8877-3BE80229672C}"
EndProject
Project("{FAE04EC0-301F-11D3-BF4B-00C04F79EFBC}") = "ClsUtil", "..\ClsUtil\ClsUtil.csproj", "{0AF743E2-0AC8-46E1-B0D9-417CC4BD1174}"
EndProject
Global
	GlobalSection(SolutionConfigurationPlatforms) = preSolution
		Debug|Any CPU = Debug|Any CPU
		Release|Any CPU = Release|Any CPU
	EndGlobalSection
	GlobalSection(ProjectConfigurationPlatforms) = postSolution
		{8ED3E856-D48F-49B8-81EE-34DB4BAF71E1}.Debug|Any CPU.ActiveCfg = Debug|Any CPU
		{8ED3E856-D48F-49B8-81EE-34DB4BAF71E1}.Debug|Any CPU.Build.0 = Debug|Any CPU
		{8ED3E856-D48F-49B8-81EE-34DB4BAF71E1}.Release|Any CPU.ActiveCfg = Release|Any CPU
		{8ED3E856-D48F-49B8-81EE-34DB4BAF71E1}.Release|Any CPU.Build.0 = Release|Any CPU
		{F3057DF9-E56E-490F-A2AA-F992F845B8AA}.Debug|Any CPU.ActiveCfg = Debug|Any CPU
		{F3057DF9-E56E-490F-A2AA-F992F845B8AA}.Debug|Any CPU.Build.0 = Debug|Any CPU
		{F3057DF9-E56E-490F-A2AA-F992F845B8AA}.Release|Any CPU.ActiveCfg = Release|Any CPU
		{F3057DF9-E56E-490F-A2AA-F992F845B8AA}.Release|Any CPU.Build.0 = Release|Any CPU
		{DF40C3F7-5BE2-4052-8877-3BE80229672C}.Debug|Any CPU.ActiveCfg = Debug|Any CPU
		{DF40C3F7-5BE2-4052-8877-3BE80229672C}.Debug|Any CPU.Build.0 = Debug|Any CPU
		{DF40C3F7-5BE2-4052-8877-3BE80229672C}.Release|Any CPU.ActiveCfg = Release|Any CPU
		{DF40C3F7-5BE2-4052-8877-3BE80229672C}.Release|Any CPU.Build.0 = Release|Any CPU
		{0AF743E2-0AC8-46E1-B0D9-417CC4BD1174}.Debug|Any CPU.ActiveCfg = Debug|Any CPU
		{0AF743E2-0AC8-46E1-B0D9-417CC4BD1174}.Debug|Any CPU.Build.0 = Debug|Any CPU
		{0AF743E2-0AC8-46E1-B0D9-417CC4BD1174}.Release|Any CPU.ActiveCfg = Release|Any CPU
		{0AF743E2-0AC8-46E1-B0D9-417CC4BD1174}.Release|Any CPU.Build.0 = Release|Any CPU
	EndGlobalSection
	GlobalSection(SolutionProperties) = preSolution
		HideSolutionNode = FALSE
	EndGlobalSection
	GlobalSection(ExtensibilityGlobals) = postSolution
		SolutionGuid = {B938C10C-D7F5-423B-A09B-571B4413CE55}
	EndGlobalSection
EndGlobal
